{
  "name": "react-native-sweet-alert",
  "version": "2.0.1",
  "lockfileVersion": 1,
  "requires": true,
  "dependencies": {
    "hex-color-regex": {
      "version": "1.0.3",
      "resolved": "https://registry.npmjs.org/hex-color-regex/-/hex-color-regex-1.0.3.tgz",
      "integrity": "sha1-IXVpO8KS/gZxGwT67pAEeQkm+bA="
    },
    "is-hexcolor": {
      "version": "1.0.0",
      "resolved": "https://registry.npmjs.org/is-hexcolor/-/is-hexcolor-1.0.0.tgz",
      "integrity": "sha1-SV/uGhK6rwCcECp5m97DGTIRJ0o=",
      "requires": {
        "hex-color-regex": "~1.0.2"
      }
    }
  }
}
